Microsoft Visual Studio Solution File, Format Version 12.00
# Visual Studio 2012
Project("{FAE04EC0-301F-11D3-BF4B-00C04F79EFBC}") = "MarchingCubes", "MarchingCubes.csproj", "{A618559F-E52E-44D9-82A8-52C4F51C152E}"
EndProject
Global
	GlobalSection(SolutionConfigurationPlatforms) = preSolution
	Debug|Any CPU = Debug|Any CPU
	ExportDebug|Any CPU = ExportDebug|Any CPU
	ExportRelease|Any CPU = ExportRelease|Any CPU
	EndGlobalSection
	GlobalSection(ProjectConfigurationPlatforms) = postSolution
		{A618559F-E52E-44D9-82A8-52C4F51C152E}.Debug|Any CPU.ActiveCfg = Debug|Any CPU
		{A618559F-E52E-44D9-82A8-52C4F51C152E}.Debug|Any CPU.Build.0 = Debug|Any CPU
		{A618559F-E52E-44D9-82A8-52C4F51C152E}.ExportDebug|Any CPU.ActiveCfg = ExportDebug|Any CPU
		{A618559F-E52E-44D9-82A8-52C4F51C152E}.ExportDebug|Any CPU.Build.0 = ExportDebug|Any CPU
		{A618559F-E52E-44D9-82A8-52C4F51C152E}.ExportRelease|Any CPU.ActiveCfg = ExportRelease|Any CPU
		{A618559F-E52E-44D9-82A8-52C4F51C152E}.ExportRelease|Any CPU.Build.0 = ExportRelease|Any CPU
	EndGlobalSection
EndGlobal
